// !$*UTF8*$!
{
	archiveVersion = 1;
	classes = {
	};
	objectVersion = 50;
	objects = {

/* Begin PBXBuildFile section */
		7F835B7E26B2A779008C6734 /* AppDelegate.swift in Sources */ = {isa = PBXBuildFile; fileRef = 7F835B7D26B2A779008C6734 /* AppDelegate.swift */; };
		7F835B8026B2A779008C6734 /* SceneDelegate.swift in Sources */ = {isa = PBXBuildFile; fileRef = 7F835B7F26B2A779008C6734 /* SceneDelegate.swift */; };
		7F835B8226B2A779008C6734 /* HomeViewController.swift in Sources */ = {isa = PBXBuildFile; fileRef = 7F835B8126B2A779008C6734 /* HomeViewController.swift */; };
		7F835B8726B2A77B008C6734 /* Assets.xcassets in Resources */ = {isa = PBXBuildFile; fileRef = 7F835B8626B2A77B008C6734 /* Assets.xcassets */; };
		7F835B8A26B2A77B008C6734 /* LaunchScreen.storyboard in Resources */ = {isa = PBXBuildFile; fileRef = 7F835B8826B2A77B008C6734 /* LaunchScreen.storyboard */; };
		7F835B9926B2E98A008C6734 /* TabBarViewController.swift in Sources */ = {isa = PBXBuildFile; fileRef = 7F835B9826B2E98A008C6734 /* TabBarViewController.swift */; };
		7F835B9B26B2EA0A008C6734 /* SearchViewController.swift in Sources */ = {isa = PBXBuildFile; fileRef = 7F835B9A26B2EA0A008C6734 /* SearchViewController.swift */; };
		7F835B9D26B2EA25008C6734 /* LibraryViewController.swift in Sources */ = {isa = PBXBuildFile; fileRef = 7F835B9C26B2EA25008C6734 /* LibraryViewController.swift */; };
		7F835BA126B2EA7E008C6734 /* AuthViewController.swift in Sources */ = {isa = PBXBuildFile; fileRef = 7F835BA026B2EA7E008C6734 /* AuthViewController.swift */; };
		7F835BA326B2EA8A008C6734 /* WelcomeViewController.swift in Sources */ = {isa = PBXBuildFile; fileRef = 7F835BA226B2EA8A008C6734 /* WelcomeViewController.swift */; };
		7F835BA526B2EA97008C6734 /* SettingsViewController.swift in Sources */ = {isa = PBXBuildFile; fileRef = 7F835BA426B2EA97008C6734 /* SettingsViewController.swift */; };
		7F835BA726B2EAA3008C6734 /* ProfileViewController.swift in Sources */ = {isa = PBXBuildFile; fileRef = 7F835BA626B2EAA3008C6734 /* ProfileViewController.swift */; };
		7F835BA926B2EAAE008C6734 /* PlayerViewController.swift in Sources */ = {isa = PBXBuildFile; fileRef = 7F835BA826B2EAAE008C6734 /* PlayerViewController.swift */; };
		7F835BAB26B2EABC008C6734 /* PlaylistViewController.swift in Sources */ = {isa = PBXBuildFile; fileRef = 7F835BAA26B2EABC008C6734 /* PlaylistViewController.swift */; };
		7F835BAD26B2EAD3008C6734 /* SearchResultsViewController.swift in Sources */ = {isa = PBXBuildFile; fileRef = 7F835BAC26B2EAD3008C6734 /* SearchResultsViewController.swift */; };
		7F835BB026B2EAF1008C6734 /* AuthManager.swift in Sources */ = {isa = PBXBuildFile; fileRef = 7F835BAF26B2EAF1008C6734 /* AuthManager.swift */; };
		7F835BB226B2EB01008C6734 /* APICaller.swift in Sources */ = {isa = PBXBuildFile; fileRef = 7F835BB126B2EB01008C6734 /* APICaller.swift */; };
		7F835BB426B2EB13008C6734 /* HapticsManager.swift in Sources */ = {isa = PBXBuildFile; fileRef = 7F835BB326B2EB13008C6734 /* HapticsManager.swift */; };
		7F835BB626B2EB31008C6734 /* Playlist.swift in Sources */ = {isa = PBXBuildFile; fileRef = 7F835BB526B2EB31008C6734 /* Playlist.swift */; };
		7F835BB826B2EB3E008C6734 /* AudioTrack.swift in Sources */ = {isa = PBXBuildFile; fileRef = 7F835BB726B2EB3E008C6734 /* AudioTrack.swift */; };
		7F835BBA26B2EB48008C6734 /* Artist.swift in Sources */ = {isa = PBXBuildFile; fileRef = 7F835BB926B2EB48008C6734 /* Artist.swift */; };
		7F835BBC26B2EB55008C6734 /* UserProfile.swift in Sources */ = {isa = PBXBuildFile; fileRef = 7F835BBB26B2EB55008C6734 /* UserProfile.swift */; };
		7F835BBE26B3094F008C6734 /* Extensions.swift in Sources */ = {isa = PBXBuildFile; fileRef = 7F835BBD26B3094F008C6734 /* Extensions.swift */; };
/* End PBXBuildFile section */

/* Begin PBXFileReference section */
		7F835B7A26B2A779008C6734 /* SpotifyApp.app */ = {isa = PBXFileReference; explicitFileType = wrapper.application; includeInIndex = 0; path = SpotifyApp.app; sourceTree = BUILT_PRODUCTS_DIR; };
		7F835B7D26B2A779008C6734 /* AppDelegate.swift */ = {isa = PBXFileReference; lastKnownFileType = sourcecode.swift; path = AppDelegate.swift; sourceTree = "<group>"; };
		7F835B7F26B2A779008C6734 /* SceneDelegate.swift */ = {isa = PBXFileReference; lastKnownFileType = sourcecode.swift; path = SceneDelegate.swift; sourceTree = "<group>"; };
		7F835B8126B2A779008C6734 /* HomeViewController.swift */ = {isa = PBXFileReference; lastKnownFileType = sourcecode.swift; path = HomeViewController.swift; sourceTree = "<group>"; };
		7F835B8626B2A77B008C6734 /* Assets.xcassets */ = {isa = PBXFileReference; lastKnownFileType = folder.assetcatalog; path = Assets.xcassets; sourceTree = "<group>"; };
		7F835B8926B2A77B008C6734 /* Base */ = {isa = PBXFileReference; lastKnownFileType = file.storyboard; name = Base; path = Base.lproj/LaunchScreen.storyboard; sourceTree = "<group>"; };
		7F835B8B26B2A77B008C6734 /* Info.plist */ = {isa = PBXFileReference; lastKnownFileType = text.plist.xml; path = Info.plist; sourceTree = "<group>"; };
		7F835B9826B2E98A008C6734 /* TabBarViewController.swift */ = {isa = PBXFileReference; lastKnownFileType = sourcecode.swift; path = TabBarViewController.swift; sourceTree = "<group>"; };
		7F835B9A26B2EA0A008C6734 /* SearchViewController.swift */ = {isa = PBXFileReference; lastKnownFileType = sourcecode.swift; path = SearchViewController.swift; sourceTree = "<group>"; };
		7F835B9C26B2EA25008C6734 /* LibraryViewController.swift */ = {isa = PBXFileReference; lastKnownFileType = sourcecode.swift; path = LibraryViewController.swift; sourceTree = "<group>"; };
		7F835BA026B2EA7E008C6734 /* AuthViewController.swift */ = {isa = PBXFileReference; lastKnownFileType = sourcecode.swift; path = AuthViewController.swift; sourceTree = "<group>"; };
		7F835BA226B2EA8A008C6734 /* WelcomeViewController.swift */ = {isa = PBXFileReference; lastKnownFileType = sourcecode.swift; path = WelcomeViewController.swift; sourceTree = "<group>"; };
		7F835BA426B2EA97008C6734 /* SettingsViewController.swift */ = {isa = PBXFileReference; lastKnownFileType = sourcecode.swift; path = SettingsViewController.swift; sourceTree = "<group>"; };
		7F835BA626B2EAA3008C6734 /* ProfileViewController.swift */ = {isa = PBXFileReference; lastKnownFileType = sourcecode.swift; path = ProfileViewController.swift; sourceTree = "<group>"; };
		7F835BA826B2EAAE008C6734 /* PlayerViewController.swift */ = {isa = PBXFileReference; lastKnownFileType = sourcecode.swift; path = PlayerViewController.swift; sourceTree = "<group>"; };
		7F835BAA26B2EABC008C6734 /* PlaylistViewController.swift */ = {isa = PBXFileReference; lastKnownFileType = sourcecode.swift; path = PlaylistViewController.swift; sourceTree = "<group>"; };
		7F835BAC26B2EAD3008C6734 /* SearchResultsViewController.swift */ = {isa = PBXFileReference; lastKnownFileType = sourcecode.swift; path = SearchResultsViewController.swift; sourceTree = "<group>"; };
		7F835BAF26B2EAF1008C6734 /* AuthManager.swift */ = {isa = PBXFileReference; lastKnownFileType = sourcecode.swift; path = AuthManager.swift; sourceTree = "<group>"; };
		7F835BB126B2EB01008C6734 /* APICaller.swift */ = {isa = PBXFileReference; lastKnownFileType = sourcecode.swift; path = APICaller.swift; sourceTree = "<group>"; };
		7F835BB326B2EB13008C6734 /* HapticsManager.swift */ = {isa = PBXFileReference; lastKnownFileType = sourcecode.swift; path = HapticsManager.swift; sourceTree = "<group>"; };
		7F835BB526B2EB31008C6734 /* Playlist.swift */ = {isa = PBXFileReference; lastKnownFileType = sourcecode.swift; path = Playlist.swift; sourceTree = "<group>"; };
		7F835BB726B2EB3E008C6734 /* AudioTrack.swift */ = {isa = PBXFileReference; lastKnownFileType = sourcecode.swift; path = AudioTrack.swift; sourceTree = "<group>"; };
		7F835BB926B2EB48008C6734 /* Artist.swift */ = {isa = PBXFileReference; lastKnownFileType = sourcecode.swift; path = Artist.swift; sourceTree = "<group>"; };
		7F835BBB26B2EB55008C6734 /* UserProfile.swift */ = {isa = PBXFileReference; lastKnownFileType = sourcecode.swift; path = UserProfile.swift; sourceTree = "<group>"; };
		7F835BBD26B3094F008C6734 /* Extensions.swift */ = {isa = PBXFileReference; lastKnownFileType = sourcecode.swift; path = Extensions.swift; sourceTree = "<group>"; };
/* End PBXFileReference section */

/* Begin PBXFrameworksBuildPhase section */
		7F835B7726B2A779008C6734 /* Frameworks */ = {
			isa = PBXFrameworksBuildPhase;
			buildActionMask = 2147483647;
			files = (
			);
			runOnlyForDeploymentPostprocessing = 0;
		};
/* End PBXFrameworksBuildPhase section */

/* Begin PBXGroup section */
		7F835B7126B2A779008C6734 = {
			isa = PBXGroup;
			children = (
				7F835B7C26B2A779008C6734 /* SpotifyApp */,
				7F835B7B26B2A779008C6734 /* Products */,
			);
			sourceTree = "<group>";
		};
		7F835B7B26B2A779008C6734 /* Products */ = {
			isa = PBXGroup;
			children = (
				7F835B7A26B2A779008C6734 /* SpotifyApp.app */,
			);
			name = Products;
			sourceTree = "<group>";
		};
		7F835B7C26B2A779008C6734 /* SpotifyApp */ = {
			isa = PBXGroup;
			children = (
				7F835B9426B2A7D2008C6734 /* Resources */,
				7F835B9526B2E6D1008C6734 /* Managers */,
				7F835B9326B2A79B008C6734 /* ViewModels */,
				7F835B9626B2E718008C6734 /* Models */,
				7F835B9226B2A797008C6734 /* Views */,
				7F835B9126B2A789008C6734 /* Controller */,
				7F835B8B26B2A77B008C6734 /* Info.plist */,
			);
			path = SpotifyApp;
			sourceTree = "<group>";
		};
		7F835B9126B2A789008C6734 /* Controller */ = {
			isa = PBXGroup;
			children = (
				7F835B9F26B2EA59008C6734 /* Core */,
				7F835BAE26B2EADA008C6734 /* Other */,
			);
			path = Controller;
			sourceTree = "<group>";
		};
		7F835B9226B2A797008C6734 /* Views */ = {
			isa = PBXGroup;
			children = (
				7F835B8626B2A77B008C6734 /* Assets.xcassets */,
				7F835B8826B2A77B008C6734 /* LaunchScreen.storyboard */,
			);
			path = Views;
			sourceTree = "<group>";
		};
		7F835B9326B2A79B008C6734 /* ViewModels */ = {
			isa = PBXGroup;
			children = (
			);
			path = ViewModels;
			sourceTree = "<group>";
		};
		7F835B9426B2A7D2008C6734 /* Resources */ = {
			isa = PBXGroup;
			children = (
				7F835B7D26B2A779008C6734 /* AppDelegate.swift */,
				7F835B7F26B2A779008C6734 /* SceneDelegate.swift */,
				7F835BBD26B3094F008C6734 /* Extensions.swift */,
			);
			path = Resources;
			sourceTree = "<group>";
		};
		7F835B9526B2E6D1008C6734 /* Managers */ = {
			isa = PBXGroup;
			children = (
				7F835BAF26B2EAF1008C6734 /* AuthManager.swift */,
				7F835BB126B2EB01008C6734 /* APICaller.swift */,
				7F835BB326B2EB13008C6734 /* HapticsManager.swift */,
			);
			path = Managers;
			sourceTree = "<group>";
		};
		7F835B9626B2E718008C6734 /* Models */ = {
			isa = PBXGroup;
			children = (
				7F835BB526B2EB31008C6734 /* Playlist.swift */,
				7F835BB726B2EB3E008C6734 /* AudioTrack.swift */,
				7F835BB926B2EB48008C6734 /* Artist.swift */,
				7F835BBB26B2EB55008C6734 /* UserProfile.swift */,
			);
			path = Models;
			sourceTree = "<group>";
		};
		7F835B9F26B2EA59008C6734 /* Core */ = {
			isa = PBXGroup;
			children = (
				7F835B9826B2E98A008C6734 /* TabBarViewController.swift */,
				7F835B8126B2A779008C6734 /* HomeViewController.swift */,
				7F835B9A26B2EA0A008C6734 /* SearchViewController.swift */,
				7F835B9C26B2EA25008C6734 /* LibraryViewController.swift */,
			);
			path = Core;
			sourceTree = "<group>";
		};
		7F835BAE26B2EADA008C6734 /* Other */ = {
			isa = PBXGroup;
			children = (
				7F835BA026B2EA7E008C6734 /* AuthViewController.swift */,
				7F835BA226B2EA8A008C6734 /* WelcomeViewController.swift */,
				7F835BA426B2EA97008C6734 /* SettingsViewController.swift */,
				7F835BA626B2EAA3008C6734 /* ProfileViewController.swift */,
				7F835BA826B2EAAE008C6734 /* PlayerViewController.swift */,
				7F835BAA26B2EABC008C6734 /* PlaylistViewController.swift */,
				7F835BAC26B2EAD3008C6734 /* SearchResultsViewController.swift */,
			);
			path = Other;
			sourceTree = "<group>";
		};
/* End PBXGroup section */

/* Begin PBXNativeTarget section */
		7F835B7926B2A779008C6734 /* SpotifyApp */ = {
			isa = PBXNativeTarget;
			buildConfigurationList = 7F835B8E26B2A77B008C6734 /* Build configuration list for PBXNativeTarget "SpotifyApp" */;
			buildPhases = (
				7F835B7626B2A779008C6734 /* Sources */,
				7F835B7726B2A779008C6734 /* Frameworks */,
				7F835B7826B2A779008C6734 /* Resources */,
			);
			buildRules = (
			);
			dependencies = (
			);
			name = SpotifyApp;
			productName = SpotifyApp;
			productReference = 7F835B7A26B2A779008C6734 /* SpotifyApp.app */;
			productType = "com.apple.product-type.application";
		};
/* End PBXNativeTarget section */

/* Begin PBXProject section */
		7F835B7226B2A779008C6734 /* Project object */ = {
			isa = PBXProject;
			attributes = {
				LastSwiftUpdateCheck = 1250;
				LastUpgradeCheck = 1250;
				TargetAttributes = {
					7F835B7926B2A779008C6734 = {
						CreatedOnToolsVersion = 12.5;
					};
				};
			};
			buildConfigurationList = 7F835B7526B2A779008C6734 /* Build configuration list for PBXProject "SpotifyApp" */;
			compatibilityVersion = "Xcode 9.3";
			developmentRegion = en;
			hasScannedForEncodings = 0;
			knownRegions = (
				en,
				Base,
			);
			mainGroup = 7F835B7126B2A779008C6734;
			productRefGroup = 7F835B7B26B2A779008C6734 /* Products */;
			projectDirPath = "";
			projectRoot = "";
			targets = (
				7F835B7926B2A779008C6734 /* SpotifyApp */,
			);
		};
/* End PBXProject section */

/* Begin PBXResourcesBuildPhase section */
		7F835B7826B2A779008C6734 /* Resources */ = {
			isa = PBXResourcesBuildPhase;
			buildActionMask = 2147483647;
			files = (
				7F835B8A26B2A77B008C6734 /* LaunchScreen.storyboard in Resources */,
				7F835B8726B2A77B008C6734 /* Assets.xcassets in Resources */,
			);
			runOnlyForDeploymentPostprocessing = 0;
		};
/* End PBXResourcesBuildPhase section */

/* Begin PBXSourcesBuildPhase section */
		7F835B7626B2A779008C6734 /* Sources */ = {
			isa = PBXSourcesBuildPhase;
			buildActionMask = 2147483647;
			files = (
				7F835B9B26B2EA0A008C6734 /* SearchViewController.swift in Sources */,
				7F835BB626B2EB31008C6734 /* Playlist.swift in Sources */,
				7F835BB026B2EAF1008C6734 /* AuthManager.swift in Sources */,
				7F835BAD26B2EAD3008C6734 /* SearchResultsViewController.swift in Sources */,
				7F835BA326B2EA8A008C6734 /* WelcomeViewController.swift in Sources */,
				7F835BA726B2EAA3008C6734 /* ProfileViewController.swift in Sources */,
				7F835B9926B2E98A008C6734 /* TabBarViewController.swift in Sources */,
				7F835BB426B2EB13008C6734 /* HapticsManager.swift in Sources */,
				7F835BB826B2EB3E008C6734 /* AudioTrack.swift in Sources */,
				7F835B8226B2A779008C6734 /* HomeViewController.swift in Sources */,
				7F835BA126B2EA7E008C6734 /* AuthViewController.swift in Sources */,
				7F835B7E26B2A779008C6734 /* AppDelegate.swift in Sources */,
				7F835BBC26B2EB55008C6734 /* UserProfile.swift in Sources */,
				7F835BBE26B3094F008C6734 /* Extensions.swift in Sources */,
				7F835B9D26B2EA25008C6734 /* LibraryViewController.swift in Sources */,
				7F835BBA26B2EB48008C6734 /* Artist.swift in Sources */,
				7F835BAB26B2EABC008C6734 /* PlaylistViewController.swift in Sources */,
				7F835B8026B2A779008C6734 /* SceneDelegate.swift in Sources */,
				7F835BA926B2EAAE008C6734 /* PlayerViewController.swift in Sources */,
				7F835BB226B2EB01008C6734 /* APICaller.swift in Sources */,
				7F835BA526B2EA97008C6734 /* SettingsViewController.swift in Sources */,
			);
			runOnlyForDeploymentPostprocessing = 0;
		};
/* End PBXSourcesBuildPhase section */

/* Begin PBXVariantGroup section */
		7F835B8826B2A77B008C6734 /* LaunchScreen.storyboard */ = {
			isa = PBXVariantGroup;
			children = (
				7F835B8926B2A77B008C6734 /* Base */,
			);
			name = LaunchScreen.storyboard;
			sourceTree = "<group>";
		};
/* End PBXVariantGroup section */

/* Begin XCBuildConfiguration section */
		7F835B8C26B2A77B008C6734 /* Debug */ = {
			isa = XCBuildConfiguration;
			buildSettings = {
				ALWAYS_SEARCH_USER_PATHS = NO;
				CLANG_ANALYZER_NONNULL = YES;
				CLANG_ANALYZER_NUMBER_OBJECT_CONVERSION = YES_AGGRESSIVE;
				CLANG_CXX_LANGUAGE_STANDARD = "gnu++14";
				CLANG_CXX_LIBRARY = "libc++";
				CLANG_ENABLE_MODULES = YES;
				CLANG_ENABLE_OBJC_ARC = YES;
				CLANG_ENABLE_OBJC_WEAK = YES;
				CLANG_WARN_BLOCK_CAPTURE_AUTORELEASING = YES;
				CLANG_WARN_BOOL_CONVERSION = YES;
				CLANG_WARN_COMMA = YES;
				CLANG_WARN_CONSTANT_CONVERSION = YES;
				CLANG_WARN_DEPRECATED_OBJC_IMPLEMENTATIONS = YES;
				CLANG_WARN_DIRECT_OBJC_ISA_USAGE = YES_ERROR;
				CLANG_WARN_DOCUMENTATION_COMMENTS = YES;
				CLANG_WARN_EMPTY_BODY = YES;
				CLANG_WARN_ENUM_CONVERSION = YES;
				CLANG_WARN_INFINITE_RECURSION = YES;
				CLANG_WARN_INT_CONVERSION = YES;
				CLANG_WARN_NON_LITERAL_NULL_CONVERSION = YES;
				CLANG_WARN_OBJC_IMPLICIT_RETAIN_SELF = YES;
				CLANG_WARN_OBJC_LITERAL_CONVERSION = YES;
				CLANG_WARN_OBJC_ROOT_CLASS = YES_ERROR;
				CLANG_WARN_QUOTED_INCLUDE_IN_FRAMEWORK_HEADER = YES;
				CLANG_WARN_RANGE_LOOP_ANALYSIS = YES;
				CLANG_WARN_STRICT_PROTOTYPES = YES;
				CLANG_WARN_SUSPICIOUS_MOVE = YES;
				CLANG_WARN_UNGUARDED_AVAILABILITY = YES_AGGRESSIVE;
				CLANG_WARN_UNREACHABLE_CODE = YES;
				CLANG_WARN__DUPLICATE_METHOD_MATCH = YES;
				COPY_PHASE_STRIP = NO;
				DEBUG_INFORMATION_FORMAT = dwarf;
				ENABLE_STRICT_OBJC_MSGSEND = YES;
				ENABLE_TESTABILITY = YES;
				GCC_C_LANGUAGE_STANDARD = gnu11;
				GCC_DYNAMIC_NO_PIC = NO;
				GCC_NO_COMMON_BLOCKS = YES;
				GCC_OPTIMIZATION_LEVEL = 0;
				GCC_PREPROCESSOR_DEFINITIONS = (
					"DEBUG=1",
					"$(inherited)",
				);
				GCC_WARN_64_TO_32_BIT_CONVERSION = YES;
				GCC_WARN_ABOUT_RETURN_TYPE = YES_ERROR;
				GCC_WARN_UNDECLARED_SELECTOR = YES;
				GCC_WARN_UNINITIALIZED_AUTOS = YES_AGGRESSIVE;
				GCC_WARN_UNUSED_FUNCTION = YES;
				GCC_WARN_UNUSED_VARIABLE = YES;
				IPHONEOS_DEPLOYMENT_TARGET = 14.5;
				MTL_ENABLE_DEBUG_INFO = INCLUDE_SOURCE;
				MTL_FAST_MATH = YES;
				ONLY_ACTIVE_ARCH = YES;
				SDKROOT = iphoneos;
				SWIFT_ACTIVE_COMPILATION_CONDITIONS = DEBUG;
				SWIFT_OPTIMIZATION_LEVEL = "-Onone";
			};
			name = Debug;
		};
		7F835B8D26B2A77B008C6734 /* Release */ = {
			isa = XCBuildConfiguration;
			buildSettings = {
				ALWAYS_SEARCH_USER_PATHS = NO;
				CLANG_ANALYZER_NONNULL = YES;
				CLANG_ANALYZER_NUMBER_OBJECT_CONVERSION = YES_AGGRESSIVE;
				CLANG_CXX_LANGUAGE_STANDARD = "gnu++14";
				CLANG_CXX_LIBRARY = "libc++";
				CLANG_ENABLE_MODULES = YES;
				CLANG_ENABLE_OBJC_ARC = YES;
				CLANG_ENABLE_OBJC_WEAK = YES;
				CLANG_WARN_BLOCK_CAPTURE_AUTORELEASING = YES;
				CLANG_WARN_BOOL_CONVERSION = YES;
				CLANG_WARN_COMMA = YES;
				CLANG_WARN_CONSTANT_CONVERSION = YES;
				CLANG_WARN_DEPRECATED_OBJC_IMPLEMENTATIONS = YES;
				CLANG_WARN_DIRECT_OBJC_ISA_USAGE = YES_ERROR;
				CLANG_WARN_DOCUMENTATION_COMMENTS = YES;
				CLANG_WARN_EMPTY_BODY = YES;
				CLANG_WARN_ENUM_CONVERSION = YES;
				CLANG_WARN_INFINITE_RECURSION = YES;
				CLANG_WARN_INT_CONVERSION = YES;
				CLANG_WARN_NON_LITERAL_NULL_CONVERSION = YES;
				CLANG_WARN_OBJC_IMPLICIT_RETAIN_SELF = YES;
				CLANG_WARN_OBJC_LITERAL_CONVERSION = YES;
				CLANG_WARN_OBJC_ROOT_CLASS = YES_ERROR;
				CLANG_WARN_QUOTED_INCLUDE_IN_FRAMEWORK_HEADER = YES;
				CLANG_WARN_RANGE_LOOP_ANALYSIS = YES;
				CLANG_WARN_STRICT_PROTOTYPES = YES;
				CLANG_WARN_SUSPICIOUS_MOVE = YES;
				CLANG_WARN_UNGUARDED_AVAILABILITY = YES_AGGRESSIVE;
				CLANG_WARN_UNREACHABLE_CODE = YES;
				CLANG_WARN__DUPLICATE_METHOD_MATCH = YES;
				COPY_PHASE_STRIP = NO;
				DEBUG_INFORMATION_FORMAT = "dwarf-with-dsym";
				ENABLE_NS_ASSERTIONS = NO;
				ENABLE_STRICT_OBJC_MSGSEND = YES;
				GCC_C_LANGUAGE_STANDARD = gnu11;
				GCC_NO_COMMON_BLOCKS = YES;
				GCC_WARN_64_TO_32_BIT_CONVERSION = YES;
				GCC_WARN_ABOUT_RETURN_TYPE = YES_ERROR;
				GCC_WARN_UNDECLARED_SELECTOR = YES;
				GCC_WARN_UNINITIALIZED_AUTOS = YES_AGGRESSIVE;
				GCC_WARN_UNUSED_FUNCTION = YES;
				GCC_WARN_UNUSED_VARIABLE = YES;
				IPHONEOS_DEPLOYMENT_TARGET = 14.5;
				MTL_ENABLE_DEBUG_INFO = NO;
				MTL_FAST_MATH = YES;
				SDKROOT = iphoneos;
				SWIFT_COMPILATION_MODE = wholemodule;
				SWIFT_OPTIMIZATION_LEVEL = "-O";
				VALIDATE_PRODUCT = YES;
			};
			name = Release;
		};
		7F835B8F26B2A77B008C6734 /* Debug */ = {
			isa = XCBuildConfiguration;
			buildSettings = {
				ASSETCATALOG_COMPILER_APPICON_NAME = AppIcon;
				ASSETCATALOG_COMPILER_GLOBAL_ACCENT_COLOR_NAME = AccentColor;
				CODE_SIGN_STYLE = Automatic;
				INFOPLIST_FILE = SpotifyApp/Info.plist;
				LD_RUNPATH_SEARCH_PATHS = (
					"$(inherited)",
					"@executable_path/Frameworks",
				);
				PRODUCT_BUNDLE_IDENTIFIER = com.stefandojcinovic.SpotifyApp;
				PRODUCT_NAME = "$(TARGET_NAME)";
				SWIFT_VERSION = 5.0;
				TARGETED_DEVICE_FAMILY = "1,2";
			};
			name = Debug;
		};
		7F835B9026B2A77B008C6734 /* Release */ = {
			isa = XCBuildConfiguration;
			buildSettings = {
				ASSETCATALOG_COMPILER_APPICON_NAME = AppIcon;
				ASSETCATALOG_COMPILER_GLOBAL_ACCENT_COLOR_NAME = AccentColor;
				CODE_SIGN_STYLE = Automatic;
				INFOPLIST_FILE = SpotifyApp/Info.plist;
				LD_RUNPATH_SEARCH_PATHS = (
					"$(inherited)",
					"@executable_path/Frameworks",
				);
				PRODUCT_BUNDLE_IDENTIFIER = com.stefandojcinovic.SpotifyApp;
				PRODUCT_NAME = "$(TARGET_NAME)";
				SWIFT_VERSION = 5.0;
				TARGETED_DEVICE_FAMILY = "1,2";
			};
			name = Release;
		};
/* End XCBuildConfiguration section */

/* Begin XCConfigurationList section */
		7F835B7526B2A779008C6734 /* Build configuration list for PBXProject "SpotifyApp" */ = {
			isa = XCConfigurationList;
			buildConfigurations = (
				7F835B8C26B2A77B008C6734 /* Debug */,
				7F835B8D26B2A77B008C6734 /* Release */,
			);
			defaultConfigurationIsVisible = 0;
			defaultConfigurationName = Release;
		};
		7F835B8E26B2A77B008C6734 /* Build configuration list for PBXNativeTarget "SpotifyApp" */ = {
			isa = XCConfigurationList;
			buildConfigurations = (
				7F835B8F26B2A77B008C6734 /* Debug */,
				7F835B9026B2A77B008C6734 /* Release */,
			);
			defaultConfigurationIsVisible = 0;
			defaultConfigurationName = Release;
		};
/* End XCConfigurationList section */
	};
	rootObject = 7F835B7226B2A779008C6734 /* Project object */;
}
